
Microsoft Visual Studio Solution File, Format Version 12.00
# Visual Studio 2013
VisualStudioVersion = 12.0.40629.0
MinimumVisualStudioVersion = 10.0.40219.1
Project("{FAE04EC0-301F-11D3-BF4B-00C04F79EFBC}") = "sample", "sample\sample.csproj", "{AAAEB9E4-3D82-4489-AC59-C55886A1A505}"
EndProject
Project("{FAE04EC0-301F-11D3-BF4B-00C04F79EFBC}") = "tinyssocl", "tinyssosdk\tinyssocl.csproj", "{FEE85444-95E0-4F0C-8BC9-DF9CA1F2B6F7}"
EndProject
Global
	GlobalSection(SolutionConfigurationPlatforms) = preSolution
		Debug|Any CPU = Debug|Any CPU
		Release|Any CPU = Release|Any CPU
	EndGlobalSection
	GlobalSection(ProjectConfigurationPlatforms) = postSolution
		{AAAEB9E4-3D82-4489-AC59-C55886A1A505}.Debug|Any CPU.ActiveCfg = Debug|Any CPU
		{AAAEB9E4-3D82-4489-AC59-C55886A1A505}.Debug|Any CPU.Build.0 = Debug|Any CPU
		{AAAEB9E4-3D82-4489-AC59-C55886A1A505}.Release|Any CPU.ActiveCfg = Release|Any CPU
		{AAAEB9E4-3D82-4489-AC59-C55886A1A505}.Release|Any CPU.Build.0 = Release|Any CPU
		{FEE85444-95E0-4F0C-8BC9-DF9CA1F2B6F7}.Debug|Any CPU.ActiveCfg = Debug|Any CPU
		{FEE85444-95E0-4F0C-8BC9-DF9CA1F2B6F7}.Debug|Any CPU.Build.0 = Debug|Any CPU
		{FEE85444-95E0-4F0C-8BC9-DF9CA1F2B6F7}.Release|Any CPU.ActiveCfg = Release|Any CPU
		{FEE85444-95E0-4F0C-8BC9-DF9CA1F2B6F7}.Release|Any CPU.Build.0 = Release|Any CPU
	EndGlobalSection
	GlobalSection(SolutionProperties) = preSolution
		HideSolutionNode = FALSE
	EndGlobalSection
EndGlobal
